
Microsoft Visual Studio Solution File, Format Version 12.00
# Visual Studio 15
VisualStudioVersion = 15.0.26124.0
MinimumVisualStudioVersion = 15.0.26124.0
Project("{2150E333-8FDC-42A3-9474-1A3956D46DE8}") = "Code", "Code", "{76615F0E-6500-4084-8B1C-9D6B2D3851B3}"
EndProject
Project("{FAE04EC0-301F-11D3-BF4B-00C04F79EFBC}") = "netrestapi.Api", "Code\netrestapi.Api\netrestapi.Api.csproj", "{5E2D2812-C16B-4889-9206-637423A0D1C6}"
EndProject
Project("{FAE04EC0-301F-11D3-BF4B-00C04F79EFBC}") = "netrestapi.Business", "Code\netrestapi.Business\netrestapi.Business.csproj", "{C3CA32EA-47C4-41A5-8AAA-C83993DECFA2}"
EndProject
Project("{FAE04EC0-301F-11D3-BF4B-00C04F79EFBC}") = "netrestapi.Data", "Code\netrestapi.Data\netrestapi.Data.csproj", "{C066D07E-F6DC-41C4-AB5A-1B1E29BF9E05}"
EndProject
Project("{FAE04EC0-301F-11D3-BF4B-00C04F79EFBC}") = "netrestapi.Entities", "Code\netrestapi.Entities\netrestapi.Entities.csproj", "{1B30AAC2-7593-4B64-AECB-D4336BBD7619}"
EndProject
Project("{FAE04EC0-301F-11D3-BF4B-00C04F79EFBC}") = "netrestapi.Test.Api", "Code\netrestapi.Test.Api\netrestapi.Test.Api.csproj", "{D82B5439-7481-4518-9C47-0BC204BE578A}"
EndProject
Project("{FAE04EC0-301F-11D3-BF4B-00C04F79EFBC}") = "netrestapi.Test.Business", "Code\netrestapi.Test.Business\netrestapi.Test.Business.csproj", "{16336694-BD12-4AFB-8666-5701C83BD042}"
EndProject
Project("{FAE04EC0-301F-11D3-BF4B-00C04F79EFBC}") = "netrestapi.Test.Framework", "Code\netrestapi.Test.Framework\netrestapi.Test.Framework.csproj", "{50D5410F-31F5-49DB-A8CB-10CFC9EC0F5F}"
EndProject
Project("{2150E333-8FDC-42A3-9474-1A3956D46DE8}") = "Test", "Test", "{628166E6-1B0E-4224-9796-B5997FA311A0}"
EndProject
Global
	GlobalSection(SolutionConfigurationPlatforms) = preSolution
		Debug|Any CPU = Debug|Any CPU
		Debug|x64 = Debug|x64
		Debug|x86 = Debug|x86
		Release|Any CPU = Release|Any CPU
		Release|x64 = Release|x64
		Release|x86 = Release|x86
	EndGlobalSection
	GlobalSection(SolutionProperties) = preSolution
		HideSolutionNode = FALSE
	EndGlobalSection
	GlobalSection(ProjectConfigurationPlatforms) = postSolution
		{5E2D2812-C16B-4889-9206-637423A0D1C6}.Debug|Any CPU.ActiveCfg = Debug|Any CPU
		{5E2D2812-C16B-4889-9206-637423A0D1C6}.Debug|Any CPU.Build.0 = Debug|Any CPU
		{5E2D2812-C16B-4889-9206-637423A0D1C6}.Debug|x64.ActiveCfg = Debug|Any CPU
		{5E2D2812-C16B-4889-9206-637423A0D1C6}.Debug|x64.Build.0 = Debug|Any CPU
		{5E2D2812-C16B-4889-9206-637423A0D1C6}.Debug|x86.ActiveCfg = Debug|Any CPU
		{5E2D2812-C16B-4889-9206-637423A0D1C6}.Debug|x86.Build.0 = Debug|Any CPU
		{5E2D2812-C16B-4889-9206-637423A0D1C6}.Release|Any CPU.ActiveCfg = Release|Any CPU
		{5E2D2812-C16B-4889-9206-637423A0D1C6}.Release|Any CPU.Build.0 = Release|Any CPU
		{5E2D2812-C16B-4889-9206-637423A0D1C6}.Release|x64.ActiveCfg = Release|Any CPU
		{5E2D2812-C16B-4889-9206-637423A0D1C6}.Release|x64.Build.0 = Release|Any CPU
		{5E2D2812-C16B-4889-9206-637423A0D1C6}.Release|x86.ActiveCfg = Release|Any CPU
		{5E2D2812-C16B-4889-9206-637423A0D1C6}.Release|x86.Build.0 = Release|Any CPU
		{C3CA32EA-47C4-41A5-8AAA-C83993DECFA2}.Debug|Any CPU.ActiveCfg = Debug|Any CPU
		{C3CA32EA-47C4-41A5-8AAA-C83993DECFA2}.Debug|Any CPU.Build.0 = Debug|Any CPU
		{C3CA32EA-47C4-41A5-8AAA-C83993DECFA2}.Debug|x64.ActiveCfg = Debug|Any CPU
		{C3CA32EA-47C4-41A5-8AAA-C83993DECFA2}.Debug|x64.Build.0 = Debug|Any CPU
		{C3CA32EA-47C4-41A5-8AAA-C83993DECFA2}.Debug|x86.ActiveCfg = Debug|Any CPU
		{C3CA32EA-47C4-41A5-8AAA-C83993DECFA2}.Debug|x86.Build.0 = Debug|Any CPU
		{C3CA32EA-47C4-41A5-8AAA-C83993DECFA2}.Release|Any CPU.ActiveCfg = Release|Any CPU
		{C3CA32EA-47C4-41A5-8AAA-C83993DECFA2}.Release|Any CPU.Build.0 = Release|Any CPU
		{C3CA32EA-47C4-41A5-8AAA-C83993DECFA2}.Release|x64.ActiveCfg = Release|Any CPU
		{C3CA32EA-47C4-41A5-8AAA-C83993DECFA2}.Release|x64.Build.0 = Release|Any CPU
		{C3CA32EA-47C4-41A5-8AAA-C83993DECFA2}.Release|x86.ActiveCfg = Release|Any CPU
		{C3CA32EA-47C4-41A5-8AAA-C83993DECFA2}.Release|x86.Build.0 = Release|Any CPU
		{C066D07E-F6DC-41C4-AB5A-1B1E29BF9E05}.Debug|Any CPU.ActiveCfg = Debug|Any CPU
		{C066D07E-F6DC-41C4-AB5A-1B1E29BF9E05}.Debug|Any CPU.Build.0 = Debug|Any CPU
		{C066D07E-F6DC-41C4-AB5A-1B1E29BF9E05}.Debug|x64.ActiveCfg = Debug|Any CPU
		{C066D07E-F6DC-41C4-AB5A-1B1E29BF9E05}.Debug|x64.Build.0 = Debug|Any CPU
		{C066D07E-F6DC-41C4-AB5A-1B1E29BF9E05}.Debug|x86.ActiveCfg = Debug|Any CPU
		{C066D07E-F6DC-41C4-AB5A-1B1E29BF9E05}.Debug|x86.Build.0 = Debug|Any CPU
		{C066D07E-F6DC-41C4-AB5A-1B1E29BF9E05}.Release|Any CPU.ActiveCfg = Release|Any CPU
		{C066D07E-F6DC-41C4-AB5A-1B1E29BF9E05}.Release|Any CPU.Build.0 = Release|Any CPU
		{C066D07E-F6DC-41C4-AB5A-1B1E29BF9E05}.Release|x64.ActiveCfg = Release|Any CPU
		{C066D07E-F6DC-41C4-AB5A-1B1E29BF9E05}.Release|x64.Build.0 = Release|Any CPU
		{C066D07E-F6DC-41C4-AB5A-1B1E29BF9E05}.Release|x86.ActiveCfg = Release|Any CPU
		{C066D07E-F6DC-41C4-AB5A-1B1E29BF9E05}.Release|x86.Build.0 = Release|Any CPU
		{1B30AAC2-7593-4B64-AECB-D4336BBD7619}.Debug|Any CPU.ActiveCfg = Debug|Any CPU
		{1B30AAC2-7593-4B64-AECB-D4336BBD7619}.Debug|Any CPU.Build.0 = Debug|Any CPU
		{1B30AAC2-7593-4B64-AECB-D4336BBD7619}.Debug|x64.ActiveCfg = Debug|Any CPU
		{1B30AAC2-7593-4B64-AECB-D4336BBD7619}.Debug|x64.Build.0 = Debug|Any CPU
		{1B30AAC2-7593-4B64-AECB-D4336BBD7619}.Debug|x86.ActiveCfg = Debug|Any CPU
		{1B30AAC2-7593-4B64-AECB-D4336BBD7619}.Debug|x86.Build.0 = Debug|Any CPU
		{1B30AAC2-7593-4B64-AECB-D4336BBD7619}.Release|Any CPU.ActiveCfg = Release|Any CPU
		{1B30AAC2-7593-4B64-AECB-D4336BBD7619}.Release|Any CPU.Build.0 = Release|Any CPU
		{1B30AAC2-7593-4B64-AECB-D4336BBD7619}.Release|x64.ActiveCfg = Release|Any CPU
		{1B30AAC2-7593-4B64-AECB-D4336BBD7619}.Release|x64.Build.0 = Release|Any CPU
		{1B30AAC2-7593-4B64-AECB-D4336BBD7619}.Release|x86.ActiveCfg = Release|Any CPU
		{1B30AAC2-7593-4B64-AECB-D4336BBD7619}.Release|x86.Build.0 = Release|Any CPU
		{D82B5439-7481-4518-9C47-0BC204BE578A}.Debug|Any CPU.ActiveCfg = Debug|Any CPU
		{D82B5439-7481-4518-9C47-0BC204BE578A}.Debug|Any CPU.Build.0 = Debug|Any CPU
		{D82B5439-7481-4518-9C47-0BC204BE578A}.Debug|x64.ActiveCfg = Debug|Any CPU
		{D82B5439-7481-4518-9C47-0BC204BE578A}.Debug|x64.Build.0 = Debug|Any CPU
		{D82B5439-7481-4518-9C47-0BC204BE578A}.Debug|x86.ActiveCfg = Debug|Any CPU
		{D82B5439-7481-4518-9C47-0BC204BE578A}.Debug|x86.Build.0 = Debug|Any CPU
		{D82B5439-7481-4518-9C47-0BC204BE578A}.Release|Any CPU.ActiveCfg = Release|Any CPU
		{D82B5439-7481-4518-9C47-0BC204BE578A}.Release|Any CPU.Build.0 = Release|Any CPU
		{D82B5439-7481-4518-9C47-0BC204BE578A}.Release|x64.ActiveCfg = Release|Any CPU
		{D82B5439-7481-4518-9C47-0BC204BE578A}.Release|x64.Build.0 = Release|Any CPU
		{D82B5439-7481-4518-9C47-0BC204BE578A}.Release|x86.ActiveCfg = Release|Any CPU
		{D82B5439-7481-4518-9C47-0BC204BE578A}.Release|x86.Build.0 = Release|Any CPU
		{16336694-BD12-4AFB-8666-5701C83BD042}.Debug|Any CPU.ActiveCfg = Debug|Any CPU
		{16336694-BD12-4AFB-8666-5701C83BD042}.Debug|Any CPU.Build.0 = Debug|Any CPU
		{16336694-BD12-4AFB-8666-5701C83BD042}.Debug|x64.ActiveCfg = Debug|Any CPU
		{16336694-BD12-4AFB-8666-5701C83BD042}.Debug|x64.Build.0 = Debug|Any CPU
		{16336694-BD12-4AFB-8666-5701C83BD042}.Debug|x86.ActiveCfg = Debug|Any CPU
		{16336694-BD12-4AFB-8666-5701C83BD042}.Debug|x86.Build.0 = Debug|Any CPU
		{16336694-BD12-4AFB-8666-5701C83BD042}.Release|Any CPU.ActiveCfg = Release|Any CPU
		{16336694-BD12-4AFB-8666-5701C83BD042}.Release|Any CPU.Build.0 = Release|Any CPU
		{16336694-BD12-4AFB-8666-5701C83BD042}.Release|x64.ActiveCfg = Release|Any CPU
		{16336694-BD12-4AFB-8666-5701C83BD042}.Release|x64.Build.0 = Release|Any CPU
		{16336694-BD12-4AFB-8666-5701C83BD042}.Release|x86.ActiveCfg = Release|Any CPU
		{16336694-BD12-4AFB-8666-5701C83BD042}.Release|x86.Build.0 = Release|Any CPU
		{50D5410F-31F5-49DB-A8CB-10CFC9EC0F5F}.Debug|Any CPU.ActiveCfg = Debug|Any CPU
		{50D5410F-31F5-49DB-A8CB-10CFC9EC0F5F}.Debug|Any CPU.Build.0 = Debug|Any CPU
		{50D5410F-31F5-49DB-A8CB-10CFC9EC0F5F}.Debug|x64.ActiveCfg = Debug|Any CPU
		{50D5410F-31F5-49DB-A8CB-10CFC9EC0F5F}.Debug|x64.Build.0 = Debug|Any CPU
		{50D5410F-31F5-49DB-A8CB-10CFC9EC0F5F}.Debug|x86.ActiveCfg = Debug|Any CPU
		{50D5410F-31F5-49DB-A8CB-10CFC9EC0F5F}.Debug|x86.Build.0 = Debug|Any CPU
		{50D5410F-31F5-49DB-A8CB-10CFC9EC0F5F}.Release|Any CPU.ActiveCfg = Release|Any CPU
		{50D5410F-31F5-49DB-A8CB-10CFC9EC0F5F}.Release|Any CPU.Build.0 = Release|Any CPU
		{50D5410F-31F5-49DB-A8CB-10CFC9EC0F5F}.Release|x64.ActiveCfg = Release|Any CPU
		{50D5410F-31F5-49DB-A8CB-10CFC9EC0F5F}.Release|x64.Build.0 = Release|Any CPU
		{50D5410F-31F5-49DB-A8CB-10CFC9EC0F5F}.Release|x86.ActiveCfg = Release|Any CPU
		{50D5410F-31F5-49DB-A8CB-10CFC9EC0F5F}.Release|x86.Build.0 = Release|Any CPU
	EndGlobalSection
	GlobalSection(NestedProjects) = preSolution
		{5E2D2812-C16B-4889-9206-637423A0D1C6} = {76615F0E-6500-4084-8B1C-9D6B2D3851B3}
		{C3CA32EA-47C4-41A5-8AAA-C83993DECFA2} = {76615F0E-6500-4084-8B1C-9D6B2D3851B3}
		{C066D07E-F6DC-41C4-AB5A-1B1E29BF9E05} = {76615F0E-6500-4084-8B1C-9D6B2D3851B3}
		{1B30AAC2-7593-4B64-AECB-D4336BBD7619} = {76615F0E-6500-4084-8B1C-9D6B2D3851B3}
		{D82B5439-7481-4518-9C47-0BC204BE578A} = {628166E6-1B0E-4224-9796-B5997FA311A0}
		{16336694-BD12-4AFB-8666-5701C83BD042} = {628166E6-1B0E-4224-9796-B5997FA311A0}
		{50D5410F-31F5-49DB-A8CB-10CFC9EC0F5F} = {628166E6-1B0E-4224-9796-B5997FA311A0}
	EndGlobalSection
EndGlobal
