
Microsoft Visual Studio Solution File, Format Version 12.00
# Visual Studio 15
VisualStudioVersion = 15.0.26124.0
MinimumVisualStudioVersion = 15.0.26124.0
Project("{2150E333-8FDC-42A3-9474-1A3956D46DE8}") = "Code", "Code", "{E457B565-3F46-4C60-BBCF-D251E8966D31}"
EndProject
Project("{FAE04EC0-301F-11D3-BF4B-00C04F79EFBC}") = "restapi.Api", "Code\restapi.Api\restapi.Api.csproj", "{9B2451A6-FFD1-46B1-8977-BB77A266F79F}"
EndProject
Project("{FAE04EC0-301F-11D3-BF4B-00C04F79EFBC}") = "restapi.Business", "Code\restapi.Business\restapi.Business.csproj", "{D7858E5B-65AD-4971-AFCB-F4C65F20D556}"
EndProject
Project("{FAE04EC0-301F-11D3-BF4B-00C04F79EFBC}") = "restapi.Data", "Code\restapi.Data\restapi.Data.csproj", "{DC74C9A9-9D41-4FA5-AB9E-BF895A70B2B0}"
EndProject
Project("{FAE04EC0-301F-11D3-BF4B-00C04F79EFBC}") = "restapi.Entities", "Code\restapi.Entities\restapi.Entities.csproj", "{1E918680-7A12-476B-A3C7-7B9C3E46E1B9}"
EndProject
Project("{FAE04EC0-301F-11D3-BF4B-00C04F79EFBC}") = "restapi.Test.Api", "Code\restapi.Test.Api\restapi.Test.Api.csproj", "{59CBBDF1-6A63-4107-BC3E-522A6C56B0D1}"
EndProject
Project("{FAE04EC0-301F-11D3-BF4B-00C04F79EFBC}") = "restapi.Test.Business", "Code\restapi.Test.Business\restapi.Test.Business.csproj", "{E3FA807A-B926-49A8-AE9B-386C78E5F5B8}"
EndProject
Project("{FAE04EC0-301F-11D3-BF4B-00C04F79EFBC}") = "restapi.Test.Framework", "Code\restapi.Test.Framework\restapi.Test.Framework.csproj", "{5FBED241-7515-482B-9FAC-92E6B22DA966}"
EndProject
Project("{2150E333-8FDC-42A3-9474-1A3956D46DE8}") = "Test", "Test", "{8D1B5E8D-5D46-4877-A1FB-D92F7A43C9E2}"
EndProject
Global
	GlobalSection(SolutionConfigurationPlatforms) = preSolution
		Debug|Any CPU = Debug|Any CPU
		Debug|x64 = Debug|x64
		Debug|x86 = Debug|x86
		Release|Any CPU = Release|Any CPU
		Release|x64 = Release|x64
		Release|x86 = Release|x86
	EndGlobalSection
	GlobalSection(SolutionProperties) = preSolution
		HideSolutionNode = FALSE
	EndGlobalSection
	GlobalSection(ProjectConfigurationPlatforms) = postSolution
		{9B2451A6-FFD1-46B1-8977-BB77A266F79F}.Debug|Any CPU.ActiveCfg = Debug|Any CPU
		{9B2451A6-FFD1-46B1-8977-BB77A266F79F}.Debug|Any CPU.Build.0 = Debug|Any CPU
		{9B2451A6-FFD1-46B1-8977-BB77A266F79F}.Debug|x64.ActiveCfg = Debug|Any CPU
		{9B2451A6-FFD1-46B1-8977-BB77A266F79F}.Debug|x64.Build.0 = Debug|Any CPU
		{9B2451A6-FFD1-46B1-8977-BB77A266F79F}.Debug|x86.ActiveCfg = Debug|Any CPU
		{9B2451A6-FFD1-46B1-8977-BB77A266F79F}.Debug|x86.Build.0 = Debug|Any CPU
		{9B2451A6-FFD1-46B1-8977-BB77A266F79F}.Release|Any CPU.ActiveCfg = Release|Any CPU
		{9B2451A6-FFD1-46B1-8977-BB77A266F79F}.Release|Any CPU.Build.0 = Release|Any CPU
		{9B2451A6-FFD1-46B1-8977-BB77A266F79F}.Release|x64.ActiveCfg = Release|Any CPU
		{9B2451A6-FFD1-46B1-8977-BB77A266F79F}.Release|x64.Build.0 = Release|Any CPU
		{9B2451A6-FFD1-46B1-8977-BB77A266F79F}.Release|x86.ActiveCfg = Release|Any CPU
		{9B2451A6-FFD1-46B1-8977-BB77A266F79F}.Release|x86.Build.0 = Release|Any CPU
		{D7858E5B-65AD-4971-AFCB-F4C65F20D556}.Debug|Any CPU.ActiveCfg = Debug|Any CPU
		{D7858E5B-65AD-4971-AFCB-F4C65F20D556}.Debug|Any CPU.Build.0 = Debug|Any CPU
		{D7858E5B-65AD-4971-AFCB-F4C65F20D556}.Debug|x64.ActiveCfg = Debug|Any CPU
		{D7858E5B-65AD-4971-AFCB-F4C65F20D556}.Debug|x64.Build.0 = Debug|Any CPU
		{D7858E5B-65AD-4971-AFCB-F4C65F20D556}.Debug|x86.ActiveCfg = Debug|Any CPU
		{D7858E5B-65AD-4971-AFCB-F4C65F20D556}.Debug|x86.Build.0 = Debug|Any CPU
		{D7858E5B-65AD-4971-AFCB-F4C65F20D556}.Release|Any CPU.ActiveCfg = Release|Any CPU
		{D7858E5B-65AD-4971-AFCB-F4C65F20D556}.Release|Any CPU.Build.0 = Release|Any CPU
		{D7858E5B-65AD-4971-AFCB-F4C65F20D556}.Release|x64.ActiveCfg = Release|Any CPU
		{D7858E5B-65AD-4971-AFCB-F4C65F20D556}.Release|x64.Build.0 = Release|Any CPU
		{D7858E5B-65AD-4971-AFCB-F4C65F20D556}.Release|x86.ActiveCfg = Release|Any CPU
		{D7858E5B-65AD-4971-AFCB-F4C65F20D556}.Release|x86.Build.0 = Release|Any CPU
		{DC74C9A9-9D41-4FA5-AB9E-BF895A70B2B0}.Debug|Any CPU.ActiveCfg = Debug|Any CPU
		{DC74C9A9-9D41-4FA5-AB9E-BF895A70B2B0}.Debug|Any CPU.Build.0 = Debug|Any CPU
		{DC74C9A9-9D41-4FA5-AB9E-BF895A70B2B0}.Debug|x64.ActiveCfg = Debug|Any CPU
		{DC74C9A9-9D41-4FA5-AB9E-BF895A70B2B0}.Debug|x64.Build.0 = Debug|Any CPU
		{DC74C9A9-9D41-4FA5-AB9E-BF895A70B2B0}.Debug|x86.ActiveCfg = Debug|Any CPU
		{DC74C9A9-9D41-4FA5-AB9E-BF895A70B2B0}.Debug|x86.Build.0 = Debug|Any CPU
		{DC74C9A9-9D41-4FA5-AB9E-BF895A70B2B0}.Release|Any CPU.ActiveCfg = Release|Any CPU
		{DC74C9A9-9D41-4FA5-AB9E-BF895A70B2B0}.Release|Any CPU.Build.0 = Release|Any CPU
		{DC74C9A9-9D41-4FA5-AB9E-BF895A70B2B0}.Release|x64.ActiveCfg = Release|Any CPU
		{DC74C9A9-9D41-4FA5-AB9E-BF895A70B2B0}.Release|x64.Build.0 = Release|Any CPU
		{DC74C9A9-9D41-4FA5-AB9E-BF895A70B2B0}.Release|x86.ActiveCfg = Release|Any CPU
		{DC74C9A9-9D41-4FA5-AB9E-BF895A70B2B0}.Release|x86.Build.0 = Release|Any CPU
		{1E918680-7A12-476B-A3C7-7B9C3E46E1B9}.Debug|Any CPU.ActiveCfg = Debug|Any CPU
		{1E918680-7A12-476B-A3C7-7B9C3E46E1B9}.Debug|Any CPU.Build.0 = Debug|Any CPU
		{1E918680-7A12-476B-A3C7-7B9C3E46E1B9}.Debug|x64.ActiveCfg = Debug|Any CPU
		{1E918680-7A12-476B-A3C7-7B9C3E46E1B9}.Debug|x64.Build.0 = Debug|Any CPU
		{1E918680-7A12-476B-A3C7-7B9C3E46E1B9}.Debug|x86.ActiveCfg = Debug|Any CPU
		{1E918680-7A12-476B-A3C7-7B9C3E46E1B9}.Debug|x86.Build.0 = Debug|Any CPU
		{1E918680-7A12-476B-A3C7-7B9C3E46E1B9}.Release|Any CPU.ActiveCfg = Release|Any CPU
		{1E918680-7A12-476B-A3C7-7B9C3E46E1B9}.Release|Any CPU.Build.0 = Release|Any CPU
		{1E918680-7A12-476B-A3C7-7B9C3E46E1B9}.Release|x64.ActiveCfg = Release|Any CPU
		{1E918680-7A12-476B-A3C7-7B9C3E46E1B9}.Release|x64.Build.0 = Release|Any CPU
		{1E918680-7A12-476B-A3C7-7B9C3E46E1B9}.Release|x86.ActiveCfg = Release|Any CPU
		{1E918680-7A12-476B-A3C7-7B9C3E46E1B9}.Release|x86.Build.0 = Release|Any CPU
		{59CBBDF1-6A63-4107-BC3E-522A6C56B0D1}.Debug|Any CPU.ActiveCfg = Debug|Any CPU
		{59CBBDF1-6A63-4107-BC3E-522A6C56B0D1}.Debug|Any CPU.Build.0 = Debug|Any CPU
		{59CBBDF1-6A63-4107-BC3E-522A6C56B0D1}.Debug|x64.ActiveCfg = Debug|Any CPU
		{59CBBDF1-6A63-4107-BC3E-522A6C56B0D1}.Debug|x64.Build.0 = Debug|Any CPU
		{59CBBDF1-6A63-4107-BC3E-522A6C56B0D1}.Debug|x86.ActiveCfg = Debug|Any CPU
		{59CBBDF1-6A63-4107-BC3E-522A6C56B0D1}.Debug|x86.Build.0 = Debug|Any CPU
		{59CBBDF1-6A63-4107-BC3E-522A6C56B0D1}.Release|Any CPU.ActiveCfg = Release|Any CPU
		{59CBBDF1-6A63-4107-BC3E-522A6C56B0D1}.Release|Any CPU.Build.0 = Release|Any CPU
		{59CBBDF1-6A63-4107-BC3E-522A6C56B0D1}.Release|x64.ActiveCfg = Release|Any CPU
		{59CBBDF1-6A63-4107-BC3E-522A6C56B0D1}.Release|x64.Build.0 = Release|Any CPU
		{59CBBDF1-6A63-4107-BC3E-522A6C56B0D1}.Release|x86.ActiveCfg = Release|Any CPU
		{59CBBDF1-6A63-4107-BC3E-522A6C56B0D1}.Release|x86.Build.0 = Release|Any CPU
		{E3FA807A-B926-49A8-AE9B-386C78E5F5B8}.Debug|Any CPU.ActiveCfg = Debug|Any CPU
		{E3FA807A-B926-49A8-AE9B-386C78E5F5B8}.Debug|Any CPU.Build.0 = Debug|Any CPU
		{E3FA807A-B926-49A8-AE9B-386C78E5F5B8}.Debug|x64.ActiveCfg = Debug|Any CPU
		{E3FA807A-B926-49A8-AE9B-386C78E5F5B8}.Debug|x64.Build.0 = Debug|Any CPU
		{E3FA807A-B926-49A8-AE9B-386C78E5F5B8}.Debug|x86.ActiveCfg = Debug|Any CPU
		{E3FA807A-B926-49A8-AE9B-386C78E5F5B8}.Debug|x86.Build.0 = Debug|Any CPU
		{E3FA807A-B926-49A8-AE9B-386C78E5F5B8}.Release|Any CPU.ActiveCfg = Release|Any CPU
		{E3FA807A-B926-49A8-AE9B-386C78E5F5B8}.Release|Any CPU.Build.0 = Release|Any CPU
		{E3FA807A-B926-49A8-AE9B-386C78E5F5B8}.Release|x64.ActiveCfg = Release|Any CPU
		{E3FA807A-B926-49A8-AE9B-386C78E5F5B8}.Release|x64.Build.0 = Release|Any CPU
		{E3FA807A-B926-49A8-AE9B-386C78E5F5B8}.Release|x86.ActiveCfg = Release|Any CPU
		{E3FA807A-B926-49A8-AE9B-386C78E5F5B8}.Release|x86.Build.0 = Release|Any CPU
		{5FBED241-7515-482B-9FAC-92E6B22DA966}.Debug|Any CPU.ActiveCfg = Debug|Any CPU
		{5FBED241-7515-482B-9FAC-92E6B22DA966}.Debug|Any CPU.Build.0 = Debug|Any CPU
		{5FBED241-7515-482B-9FAC-92E6B22DA966}.Debug|x64.ActiveCfg = Debug|Any CPU
		{5FBED241-7515-482B-9FAC-92E6B22DA966}.Debug|x64.Build.0 = Debug|Any CPU
		{5FBED241-7515-482B-9FAC-92E6B22DA966}.Debug|x86.ActiveCfg = Debug|Any CPU
		{5FBED241-7515-482B-9FAC-92E6B22DA966}.Debug|x86.Build.0 = Debug|Any CPU
		{5FBED241-7515-482B-9FAC-92E6B22DA966}.Release|Any CPU.ActiveCfg = Release|Any CPU
		{5FBED241-7515-482B-9FAC-92E6B22DA966}.Release|Any CPU.Build.0 = Release|Any CPU
		{5FBED241-7515-482B-9FAC-92E6B22DA966}.Release|x64.ActiveCfg = Release|Any CPU
		{5FBED241-7515-482B-9FAC-92E6B22DA966}.Release|x64.Build.0 = Release|Any CPU
		{5FBED241-7515-482B-9FAC-92E6B22DA966}.Release|x86.ActiveCfg = Release|Any CPU
		{5FBED241-7515-482B-9FAC-92E6B22DA966}.Release|x86.Build.0 = Release|Any CPU
	EndGlobalSection
	GlobalSection(NestedProjects) = preSolution
		{9B2451A6-FFD1-46B1-8977-BB77A266F79F} = {E457B565-3F46-4C60-BBCF-D251E8966D31}
		{D7858E5B-65AD-4971-AFCB-F4C65F20D556} = {E457B565-3F46-4C60-BBCF-D251E8966D31}
		{DC74C9A9-9D41-4FA5-AB9E-BF895A70B2B0} = {E457B565-3F46-4C60-BBCF-D251E8966D31}
		{1E918680-7A12-476B-A3C7-7B9C3E46E1B9} = {E457B565-3F46-4C60-BBCF-D251E8966D31}
		{59CBBDF1-6A63-4107-BC3E-522A6C56B0D1} = {8D1B5E8D-5D46-4877-A1FB-D92F7A43C9E2}
		{E3FA807A-B926-49A8-AE9B-386C78E5F5B8} = {8D1B5E8D-5D46-4877-A1FB-D92F7A43C9E2}
		{5FBED241-7515-482B-9FAC-92E6B22DA966} = {8D1B5E8D-5D46-4877-A1FB-D92F7A43C9E2}
	EndGlobalSection
EndGlobal
