
Microsoft Visual Studio Solution File, Format Version 12.00
# Visual Studio 15
VisualStudioVersion = 15.0.26124.0
MinimumVisualStudioVersion = 15.0.26124.0
Project("{2150E333-8FDC-42A3-9474-1A3956D46DE8}") = "Code", "Code", "{3D46ACFE-110D-4BFA-A913-6EBA6981105D}"
EndProject
Project("{FAE04EC0-301F-11D3-BF4B-00C04F79EFBC}") = "restapione.Api", "Code\restapione.Api\restapione.Api.csproj", "{40FAEEFD-55BF-46E2-AE08-4D6BC2F5EC98}"
EndProject
Project("{FAE04EC0-301F-11D3-BF4B-00C04F79EFBC}") = "restapione.Business", "Code\restapione.Business\restapione.Business.csproj", "{E9B414FC-B11F-4800-97CA-2B4D987419B6}"
EndProject
Project("{FAE04EC0-301F-11D3-BF4B-00C04F79EFBC}") = "restapione.Data", "Code\restapione.Data\restapione.Data.csproj", "{DB5F198A-6E44-4174-BB27-3C102F1D6D30}"
EndProject
Project("{FAE04EC0-301F-11D3-BF4B-00C04F79EFBC}") = "restapione.Entities", "Code\restapione.Entities\restapione.Entities.csproj", "{BD564976-3CE4-4A19-A362-D78857164F43}"
EndProject
Project("{FAE04EC0-301F-11D3-BF4B-00C04F79EFBC}") = "restapione.Test.Api", "Code\restapione.Test.Api\restapione.Test.Api.csproj", "{55A6BF06-D269-4033-BEA9-97C781D0B1C2}"
EndProject
Project("{FAE04EC0-301F-11D3-BF4B-00C04F79EFBC}") = "restapione.Test.Business", "Code\restapione.Test.Business\restapione.Test.Business.csproj", "{838280AD-5044-431B-B7C1-EE51D34CFD19}"
EndProject
Project("{FAE04EC0-301F-11D3-BF4B-00C04F79EFBC}") = "restapione.Test.Framework", "Code\restapione.Test.Framework\restapione.Test.Framework.csproj", "{DF0D575A-E8A4-408A-B083-538BD1CCFE6C}"
EndProject
Project("{2150E333-8FDC-42A3-9474-1A3956D46DE8}") = "Test", "Test", "{EF3C7CB5-EEA4-4754-8176-7E8B9952F841}"
EndProject
Global
	GlobalSection(SolutionConfigurationPlatforms) = preSolution
		Debug|Any CPU = Debug|Any CPU
		Debug|x64 = Debug|x64
		Debug|x86 = Debug|x86
		Release|Any CPU = Release|Any CPU
		Release|x64 = Release|x64
		Release|x86 = Release|x86
	EndGlobalSection
	GlobalSection(SolutionProperties) = preSolution
		HideSolutionNode = FALSE
	EndGlobalSection
	GlobalSection(ProjectConfigurationPlatforms) = postSolution
		{40FAEEFD-55BF-46E2-AE08-4D6BC2F5EC98}.Debug|Any CPU.ActiveCfg = Debug|Any CPU
		{40FAEEFD-55BF-46E2-AE08-4D6BC2F5EC98}.Debug|Any CPU.Build.0 = Debug|Any CPU
		{40FAEEFD-55BF-46E2-AE08-4D6BC2F5EC98}.Debug|x64.ActiveCfg = Debug|Any CPU
		{40FAEEFD-55BF-46E2-AE08-4D6BC2F5EC98}.Debug|x64.Build.0 = Debug|Any CPU
		{40FAEEFD-55BF-46E2-AE08-4D6BC2F5EC98}.Debug|x86.ActiveCfg = Debug|Any CPU
		{40FAEEFD-55BF-46E2-AE08-4D6BC2F5EC98}.Debug|x86.Build.0 = Debug|Any CPU
		{40FAEEFD-55BF-46E2-AE08-4D6BC2F5EC98}.Release|Any CPU.ActiveCfg = Release|Any CPU
		{40FAEEFD-55BF-46E2-AE08-4D6BC2F5EC98}.Release|Any CPU.Build.0 = Release|Any CPU
		{40FAEEFD-55BF-46E2-AE08-4D6BC2F5EC98}.Release|x64.ActiveCfg = Release|Any CPU
		{40FAEEFD-55BF-46E2-AE08-4D6BC2F5EC98}.Release|x64.Build.0 = Release|Any CPU
		{40FAEEFD-55BF-46E2-AE08-4D6BC2F5EC98}.Release|x86.ActiveCfg = Release|Any CPU
		{40FAEEFD-55BF-46E2-AE08-4D6BC2F5EC98}.Release|x86.Build.0 = Release|Any CPU
		{E9B414FC-B11F-4800-97CA-2B4D987419B6}.Debug|Any CPU.ActiveCfg = Debug|Any CPU
		{E9B414FC-B11F-4800-97CA-2B4D987419B6}.Debug|Any CPU.Build.0 = Debug|Any CPU
		{E9B414FC-B11F-4800-97CA-2B4D987419B6}.Debug|x64.ActiveCfg = Debug|Any CPU
		{E9B414FC-B11F-4800-97CA-2B4D987419B6}.Debug|x64.Build.0 = Debug|Any CPU
		{E9B414FC-B11F-4800-97CA-2B4D987419B6}.Debug|x86.ActiveCfg = Debug|Any CPU
		{E9B414FC-B11F-4800-97CA-2B4D987419B6}.Debug|x86.Build.0 = Debug|Any CPU
		{E9B414FC-B11F-4800-97CA-2B4D987419B6}.Release|Any CPU.ActiveCfg = Release|Any CPU
		{E9B414FC-B11F-4800-97CA-2B4D987419B6}.Release|Any CPU.Build.0 = Release|Any CPU
		{E9B414FC-B11F-4800-97CA-2B4D987419B6}.Release|x64.ActiveCfg = Release|Any CPU
		{E9B414FC-B11F-4800-97CA-2B4D987419B6}.Release|x64.Build.0 = Release|Any CPU
		{E9B414FC-B11F-4800-97CA-2B4D987419B6}.Release|x86.ActiveCfg = Release|Any CPU
		{E9B414FC-B11F-4800-97CA-2B4D987419B6}.Release|x86.Build.0 = Release|Any CPU
		{DB5F198A-6E44-4174-BB27-3C102F1D6D30}.Debug|Any CPU.ActiveCfg = Debug|Any CPU
		{DB5F198A-6E44-4174-BB27-3C102F1D6D30}.Debug|Any CPU.Build.0 = Debug|Any CPU
		{DB5F198A-6E44-4174-BB27-3C102F1D6D30}.Debug|x64.ActiveCfg = Debug|Any CPU
		{DB5F198A-6E44-4174-BB27-3C102F1D6D30}.Debug|x64.Build.0 = Debug|Any CPU
		{DB5F198A-6E44-4174-BB27-3C102F1D6D30}.Debug|x86.ActiveCfg = Debug|Any CPU
		{DB5F198A-6E44-4174-BB27-3C102F1D6D30}.Debug|x86.Build.0 = Debug|Any CPU
		{DB5F198A-6E44-4174-BB27-3C102F1D6D30}.Release|Any CPU.ActiveCfg = Release|Any CPU
		{DB5F198A-6E44-4174-BB27-3C102F1D6D30}.Release|Any CPU.Build.0 = Release|Any CPU
		{DB5F198A-6E44-4174-BB27-3C102F1D6D30}.Release|x64.ActiveCfg = Release|Any CPU
		{DB5F198A-6E44-4174-BB27-3C102F1D6D30}.Release|x64.Build.0 = Release|Any CPU
		{DB5F198A-6E44-4174-BB27-3C102F1D6D30}.Release|x86.ActiveCfg = Release|Any CPU
		{DB5F198A-6E44-4174-BB27-3C102F1D6D30}.Release|x86.Build.0 = Release|Any CPU
		{BD564976-3CE4-4A19-A362-D78857164F43}.Debug|Any CPU.ActiveCfg = Debug|Any CPU
		{BD564976-3CE4-4A19-A362-D78857164F43}.Debug|Any CPU.Build.0 = Debug|Any CPU
		{BD564976-3CE4-4A19-A362-D78857164F43}.Debug|x64.ActiveCfg = Debug|Any CPU
		{BD564976-3CE4-4A19-A362-D78857164F43}.Debug|x64.Build.0 = Debug|Any CPU
		{BD564976-3CE4-4A19-A362-D78857164F43}.Debug|x86.ActiveCfg = Debug|Any CPU
		{BD564976-3CE4-4A19-A362-D78857164F43}.Debug|x86.Build.0 = Debug|Any CPU
		{BD564976-3CE4-4A19-A362-D78857164F43}.Release|Any CPU.ActiveCfg = Release|Any CPU
		{BD564976-3CE4-4A19-A362-D78857164F43}.Release|Any CPU.Build.0 = Release|Any CPU
		{BD564976-3CE4-4A19-A362-D78857164F43}.Release|x64.ActiveCfg = Release|Any CPU
		{BD564976-3CE4-4A19-A362-D78857164F43}.Release|x64.Build.0 = Release|Any CPU
		{BD564976-3CE4-4A19-A362-D78857164F43}.Release|x86.ActiveCfg = Release|Any CPU
		{BD564976-3CE4-4A19-A362-D78857164F43}.Release|x86.Build.0 = Release|Any CPU
		{55A6BF06-D269-4033-BEA9-97C781D0B1C2}.Debug|Any CPU.ActiveCfg = Debug|Any CPU
		{55A6BF06-D269-4033-BEA9-97C781D0B1C2}.Debug|Any CPU.Build.0 = Debug|Any CPU
		{55A6BF06-D269-4033-BEA9-97C781D0B1C2}.Debug|x64.ActiveCfg = Debug|Any CPU
		{55A6BF06-D269-4033-BEA9-97C781D0B1C2}.Debug|x64.Build.0 = Debug|Any CPU
		{55A6BF06-D269-4033-BEA9-97C781D0B1C2}.Debug|x86.ActiveCfg = Debug|Any CPU
		{55A6BF06-D269-4033-BEA9-97C781D0B1C2}.Debug|x86.Build.0 = Debug|Any CPU
		{55A6BF06-D269-4033-BEA9-97C781D0B1C2}.Release|Any CPU.ActiveCfg = Release|Any CPU
		{55A6BF06-D269-4033-BEA9-97C781D0B1C2}.Release|Any CPU.Build.0 = Release|Any CPU
		{55A6BF06-D269-4033-BEA9-97C781D0B1C2}.Release|x64.ActiveCfg = Release|Any CPU
		{55A6BF06-D269-4033-BEA9-97C781D0B1C2}.Release|x64.Build.0 = Release|Any CPU
		{55A6BF06-D269-4033-BEA9-97C781D0B1C2}.Release|x86.ActiveCfg = Release|Any CPU
		{55A6BF06-D269-4033-BEA9-97C781D0B1C2}.Release|x86.Build.0 = Release|Any CPU
		{838280AD-5044-431B-B7C1-EE51D34CFD19}.Debug|Any CPU.ActiveCfg = Debug|Any CPU
		{838280AD-5044-431B-B7C1-EE51D34CFD19}.Debug|Any CPU.Build.0 = Debug|Any CPU
		{838280AD-5044-431B-B7C1-EE51D34CFD19}.Debug|x64.ActiveCfg = Debug|Any CPU
		{838280AD-5044-431B-B7C1-EE51D34CFD19}.Debug|x64.Build.0 = Debug|Any CPU
		{838280AD-5044-431B-B7C1-EE51D34CFD19}.Debug|x86.ActiveCfg = Debug|Any CPU
		{838280AD-5044-431B-B7C1-EE51D34CFD19}.Debug|x86.Build.0 = Debug|Any CPU
		{838280AD-5044-431B-B7C1-EE51D34CFD19}.Release|Any CPU.ActiveCfg = Release|Any CPU
		{838280AD-5044-431B-B7C1-EE51D34CFD19}.Release|Any CPU.Build.0 = Release|Any CPU
		{838280AD-5044-431B-B7C1-EE51D34CFD19}.Release|x64.ActiveCfg = Release|Any CPU
		{838280AD-5044-431B-B7C1-EE51D34CFD19}.Release|x64.Build.0 = Release|Any CPU
		{838280AD-5044-431B-B7C1-EE51D34CFD19}.Release|x86.ActiveCfg = Release|Any CPU
		{838280AD-5044-431B-B7C1-EE51D34CFD19}.Release|x86.Build.0 = Release|Any CPU
		{DF0D575A-E8A4-408A-B083-538BD1CCFE6C}.Debug|Any CPU.ActiveCfg = Debug|Any CPU
		{DF0D575A-E8A4-408A-B083-538BD1CCFE6C}.Debug|Any CPU.Build.0 = Debug|Any CPU
		{DF0D575A-E8A4-408A-B083-538BD1CCFE6C}.Debug|x64.ActiveCfg = Debug|Any CPU
		{DF0D575A-E8A4-408A-B083-538BD1CCFE6C}.Debug|x64.Build.0 = Debug|Any CPU
		{DF0D575A-E8A4-408A-B083-538BD1CCFE6C}.Debug|x86.ActiveCfg = Debug|Any CPU
		{DF0D575A-E8A4-408A-B083-538BD1CCFE6C}.Debug|x86.Build.0 = Debug|Any CPU
		{DF0D575A-E8A4-408A-B083-538BD1CCFE6C}.Release|Any CPU.ActiveCfg = Release|Any CPU
		{DF0D575A-E8A4-408A-B083-538BD1CCFE6C}.Release|Any CPU.Build.0 = Release|Any CPU
		{DF0D575A-E8A4-408A-B083-538BD1CCFE6C}.Release|x64.ActiveCfg = Release|Any CPU
		{DF0D575A-E8A4-408A-B083-538BD1CCFE6C}.Release|x64.Build.0 = Release|Any CPU
		{DF0D575A-E8A4-408A-B083-538BD1CCFE6C}.Release|x86.ActiveCfg = Release|Any CPU
		{DF0D575A-E8A4-408A-B083-538BD1CCFE6C}.Release|x86.Build.0 = Release|Any CPU
	EndGlobalSection
	GlobalSection(NestedProjects) = preSolution
		{40FAEEFD-55BF-46E2-AE08-4D6BC2F5EC98} = {3D46ACFE-110D-4BFA-A913-6EBA6981105D}
		{E9B414FC-B11F-4800-97CA-2B4D987419B6} = {3D46ACFE-110D-4BFA-A913-6EBA6981105D}
		{DB5F198A-6E44-4174-BB27-3C102F1D6D30} = {3D46ACFE-110D-4BFA-A913-6EBA6981105D}
		{BD564976-3CE4-4A19-A362-D78857164F43} = {3D46ACFE-110D-4BFA-A913-6EBA6981105D}
		{55A6BF06-D269-4033-BEA9-97C781D0B1C2} = {EF3C7CB5-EEA4-4754-8176-7E8B9952F841}
		{838280AD-5044-431B-B7C1-EE51D34CFD19} = {EF3C7CB5-EEA4-4754-8176-7E8B9952F841}
		{DF0D575A-E8A4-408A-B083-538BD1CCFE6C} = {EF3C7CB5-EEA4-4754-8176-7E8B9952F841}
	EndGlobalSection
EndGlobal
